// !$*UTF8*$!
{
	archiveVersion = 1;
	classes = {
	};
	objectVersion = 56;
	objects = {

/* Begin PBXBuildFile section */
		3B6F61C12A31E503003904A8 /* GetAllCharacterUseCase.swift in Sources */ = {isa = PBXBuildFile; fileRef = 3B6F61C02A31E503003904A8 /* GetAllCharacterUseCase.swift */; };
		3B6F61C32A31E518003904A8 /* ImageExtension.swift in Sources */ = {isa = PBXBuildFile; fileRef = 3B6F61C22A31E518003904A8 /* ImageExtension.swift */; };
		3B6F61C72A31E955003904A8 /* URLImage.swift in Sources */ = {isa = PBXBuildFile; fileRef = 3B6F61C62A31E955003904A8 /* URLImage.swift */; };
		3B9282B32A31D95300C9CBDC /* Rick_MortyApp.swift in Sources */ = {isa = PBXBuildFile; fileRef = 3B9282B22A31D95300C9CBDC /* Rick_MortyApp.swift */; };
		3B9282B52A31D95300C9CBDC /* ContentView.swift in Sources */ = {isa = PBXBuildFile; fileRef = 3B9282B42A31D95300C9CBDC /* ContentView.swift */; };
		3B9282B72A31D95400C9CBDC /* Assets.xcassets in Resources */ = {isa = PBXBuildFile; fileRef = 3B9282B62A31D95400C9CBDC /* Assets.xcassets */; };
		3B9282BA2A31D95400C9CBDC /* Preview Assets.xcassets in Resources */ = {isa = PBXBuildFile; fileRef = 3B9282B92A31D95400C9CBDC /* Preview Assets.xcassets */; };
		3B9282C42A31D95400C9CBDC /* Rick_MortyTests.swift in Sources */ = {isa = PBXBuildFile; fileRef = 3B9282C32A31D95400C9CBDC /* Rick_MortyTests.swift */; };
		3B9282CE2A31D95400C9CBDC /* Rick_MortyUITests.swift in Sources */ = {isa = PBXBuildFile; fileRef = 3B9282CD2A31D95400C9CBDC /* Rick_MortyUITests.swift */; };
		3B9282D02A31D95400C9CBDC /* Rick_MortyUITestsLaunchTests.swift in Sources */ = {isa = PBXBuildFile; fileRef = 3B9282CF2A31D95400C9CBDC /* Rick_MortyUITestsLaunchTests.swift */; };
		3B9282DD2A31D98000C9CBDC /* ApiManager.swift in Sources */ = {isa = PBXBuildFile; fileRef = 3B9282DC2A31D98000C9CBDC /* ApiManager.swift */; };
		3B9282E12A31D9DC00C9CBDC /* HTTPError.swift in Sources */ = {isa = PBXBuildFile; fileRef = 3B9282E02A31D9DC00C9CBDC /* HTTPError.swift */; };
		3B9282E32A31D9EE00C9CBDC /* Character.swift in Sources */ = {isa = PBXBuildFile; fileRef = 3B9282E22A31D9EE00C9CBDC /* Character.swift */; };
		3B9282E72A31DD4E00C9CBDC /* CharacterListView.swift in Sources */ = {isa = PBXBuildFile; fileRef = 3B9282E62A31DD4E00C9CBDC /* CharacterListView.swift */; };
		3B9282E92A31DD9D00C9CBDC /* CharacterListViewModel.swift in Sources */ = {isa = PBXBuildFile; fileRef = 3B9282E82A31DD9D00C9CBDC /* CharacterListViewModel.swift */; };
		3B9282EB2A31DF6000C9CBDC /* ProgressViewExample.swift in Sources */ = {isa = PBXBuildFile; fileRef = 3B9282EA2A31DF6000C9CBDC /* ProgressViewExample.swift */; };
		3B9282ED2A31DF8A00C9CBDC /* ListHeaderView.swift in Sources */ = {isa = PBXBuildFile; fileRef = 3B9282EC2A31DF8A00C9CBDC /* ListHeaderView.swift */; };
		3B9282EF2A31DFC600C9CBDC /* CharacterDetailViewModel.swift in Sources */ = {isa = PBXBuildFile; fileRef = 3B9282EE2A31DFC600C9CBDC /* CharacterDetailViewModel.swift */; };
		3B9282F12A31DFE000C9CBDC /* CharacterDetailView.swift in Sources */ = {isa = PBXBuildFile; fileRef = 3B9282F02A31DFE000C9CBDC /* CharacterDetailView.swift */; };
		3B9282F32A31E01800C9CBDC /* CharacterDetailItemView.swift in Sources */ = {isa = PBXBuildFile; fileRef = 3B9282F22A31E01800C9CBDC /* CharacterDetailItemView.swift */; };
		3B9282F72A31E07400C9CBDC /* GetCharacterDetailUseCase.swift in Sources */ = {isa = PBXBuildFile; fileRef = 3B9282F62A31E07400C9CBDC /* GetCharacterDetailUseCase.swift */; };
		3B9282F92A31E08E00C9CBDC /* CharacterRepository.swift in Sources */ = {isa = PBXBuildFile; fileRef = 3B9282F82A31E08E00C9CBDC /* CharacterRepository.swift */; };
		3B9282FB2A31E0B700C9CBDC /* CharacterRepositoryImplementation.swift in Sources */ = {isa = PBXBuildFile; fileRef = 3B9282FA2A31E0B700C9CBDC /* CharacterRepositoryImplementation.swift */; };
		3B9282FD2A31E0D000C9CBDC /* CharacterRemoteDataSource.swift in Sources */ = {isa = PBXBuildFile; fileRef = 3B9282FC2A31E0D000C9CBDC /* CharacterRemoteDataSource.swift */; };
		3B9283012A31E1DB00C9CBDC /* Constants.swift in Sources */ = {isa = PBXBuildFile; fileRef = 3B9283002A31E1DB00C9CBDC /* Constants.swift */; };
		3B9283032A31E1F700C9CBDC /* ServerBaseArrayResponse.swift in Sources */ = {isa = PBXBuildFile; fileRef = 3B9283022A31E1F700C9CBDC /* ServerBaseArrayResponse.swift */; };
		3B9283052A31E21700C9CBDC /* ServerCharacterResponse.swift in Sources */ = {isa = PBXBuildFile; fileRef = 3B9283042A31E21700C9CBDC /* ServerCharacterResponse.swift */; };
		3B9283072A31E23200C9CBDC /* ServerOriginResponse.swift in Sources */ = {isa = PBXBuildFile; fileRef = 3B9283062A31E23200C9CBDC /* ServerOriginResponse.swift */; };
		3B9283092A31E25900C9CBDC /* ServerLocationResponse.swift in Sources */ = {isa = PBXBuildFile; fileRef = 3B9283082A31E25900C9CBDC /* ServerLocationResponse.swift */; };
		3B92830B2A31E27600C9CBDC /* String+Extension.swift in Sources */ = {isa = PBXBuildFile; fileRef = 3B92830A2A31E27600C9CBDC /* String+Extension.swift */; };
		3B92830D2A31E29000C9CBDC /* CharacterCellView.swift in Sources */ = {isa = PBXBuildFile; fileRef = 3B92830C2A31E29000C9CBDC /* CharacterCellView.swift */; };
/* End PBXBuildFile section */

/* Begin PBXContainerItemProxy section */
		3B9282C02A31D95400C9CBDC /* PBXContainerItemProxy */ = {
			isa = PBXContainerItemProxy;
			containerPortal = 3B9282A72A31D95300C9CBDC /* Project object */;
			proxyType = 1;
			remoteGlobalIDString = 3B9282AE2A31D95300C9CBDC;
			remoteInfo = "Rick&Morty";
		};
		3B9282CA2A31D95400C9CBDC /* PBXContainerItemProxy */ = {
			isa = PBXContainerItemProxy;
			containerPortal = 3B9282A72A31D95300C9CBDC /* Project object */;
			proxyType = 1;
			remoteGlobalIDString = 3B9282AE2A31D95300C9CBDC;
			remoteInfo = "Rick&Morty";
		};
/* End PBXContainerItemProxy section */

/* Begin PBXFileReference section */
		3B6F61C02A31E503003904A8 /* GetAllCharacterUseCase.swift */ = {isa = PBXFileReference; lastKnownFileType = sourcecode.swift; path = GetAllCharacterUseCase.swift; sourceTree = "<group>"; };
		3B6F61C22A31E518003904A8 /* ImageExtension.swift */ = {isa = PBXFileReference; lastKnownFileType = sourcecode.swift; path = ImageExtension.swift; sourceTree = "<group>"; };
		3B6F61C62A31E955003904A8 /* URLImage.swift */ = {isa = PBXFileReference; lastKnownFileType = sourcecode.swift; path = URLImage.swift; sourceTree = "<group>"; };
		3B9282AF2A31D95300C9CBDC /* Rick&Morty.app */ = {isa = PBXFileReference; explicitFileType = wrapper.application; includeInIndex = 0; path = "Rick&Morty.app"; sourceTree = BUILT_PRODUCTS_DIR; };
		3B9282B22A31D95300C9CBDC /* Rick_MortyApp.swift */ = {isa = PBXFileReference; lastKnownFileType = sourcecode.swift; path = Rick_MortyApp.swift; sourceTree = "<group>"; };
		3B9282B42A31D95300C9CBDC /* ContentView.swift */ = {isa = PBXFileReference; lastKnownFileType = sourcecode.swift; path = ContentView.swift; sourceTree = "<group>"; };
		3B9282B62A31D95400C9CBDC /* Assets.xcassets */ = {isa = PBXFileReference; lastKnownFileType = folder.assetcatalog; path = Assets.xcassets; sourceTree = "<group>"; };
		3B9282B92A31D95400C9CBDC /* Preview Assets.xcassets */ = {isa = PBXFileReference; lastKnownFileType = folder.assetcatalog; path = "Preview Assets.xcassets"; sourceTree = "<group>"; };
		3B9282BF2A31D95400C9CBDC /* Rick&MortyTests.xctest */ = {isa = PBXFileReference; explicitFileType = wrapper.cfbundle; includeInIndex = 0; path = "Rick&MortyTests.xctest"; sourceTree = BUILT_PRODUCTS_DIR; };
		3B9282C32A31D95400C9CBDC /* Rick_MortyTests.swift */ = {isa = PBXFileReference; lastKnownFileType = sourcecode.swift; path = Rick_MortyTests.swift; sourceTree = "<group>"; };
		3B9282C92A31D95400C9CBDC /* Rick&MortyUITests.xctest */ = {isa = PBXFileReference; explicitFileType = wrapper.cfbundle; includeInIndex = 0; path = "Rick&MortyUITests.xctest"; sourceTree = BUILT_PRODUCTS_DIR; };
		3B9282CD2A31D95400C9CBDC /* Rick_MortyUITests.swift */ = {isa = PBXFileReference; lastKnownFileType = sourcecode.swift; path = Rick_MortyUITests.swift; sourceTree = "<group>"; };
		3B9282CF2A31D95400C9CBDC /* Rick_MortyUITestsLaunchTests.swift */ = {isa = PBXFileReference; lastKnownFileType = sourcecode.swift; path = Rick_MortyUITestsLaunchTests.swift; sourceTree = "<group>"; };
		3B9282DC2A31D98000C9CBDC /* ApiManager.swift */ = {isa = PBXFileReference; lastKnownFileType = sourcecode.swift; path = ApiManager.swift; sourceTree = "<group>"; };
		3B9282E02A31D9DC00C9CBDC /* HTTPError.swift */ = {isa = PBXFileReference; lastKnownFileType = sourcecode.swift; path = HTTPError.swift; sourceTree = "<group>"; };
		3B9282E22A31D9EE00C9CBDC /* Character.swift */ = {isa = PBXFileReference; lastKnownFileType = sourcecode.swift; path = Character.swift; sourceTree = "<group>"; };
		3B9282E62A31DD4E00C9CBDC /* CharacterListView.swift */ = {isa = PBXFileReference; lastKnownFileType = sourcecode.swift; path = CharacterListView.swift; sourceTree = "<group>"; };
		3B9282E82A31DD9D00C9CBDC /* CharacterListViewModel.swift */ = {isa = PBXFileReference; lastKnownFileType = sourcecode.swift; path = CharacterListViewModel.swift; sourceTree = "<group>"; };
		3B9282EA2A31DF6000C9CBDC /* ProgressViewExample.swift */ = {isa = PBXFileReference; lastKnownFileType = sourcecode.swift; path = ProgressViewExample.swift; sourceTree = "<group>"; };
		3B9282EC2A31DF8A00C9CBDC /* ListHeaderView.swift */ = {isa = PBXFileReference; lastKnownFileType = sourcecode.swift; path = ListHeaderView.swift; sourceTree = "<group>"; };
		3B9282EE2A31DFC600C9CBDC /* CharacterDetailViewModel.swift */ = {isa = PBXFileReference; lastKnownFileType = sourcecode.swift; path = CharacterDetailViewModel.swift; sourceTree = "<group>"; };
		3B9282F02A31DFE000C9CBDC /* CharacterDetailView.swift */ = {isa = PBXFileReference; lastKnownFileType = sourcecode.swift; path = CharacterDetailView.swift; sourceTree = "<group>"; };
		3B9282F22A31E01800C9CBDC /* CharacterDetailItemView.swift */ = {isa = PBXFileReference; lastKnownFileType = sourcecode.swift; path = CharacterDetailItemView.swift; sourceTree = "<group>"; };
		3B9282F62A31E07400C9CBDC /* GetCharacterDetailUseCase.swift */ = {isa = PBXFileReference; lastKnownFileType = sourcecode.swift; path = GetCharacterDetailUseCase.swift; sourceTree = "<group>"; };
		3B9282F82A31E08E00C9CBDC /* CharacterRepository.swift */ = {isa = PBXFileReference; lastKnownFileType = sourcecode.swift; path = CharacterRepository.swift; sourceTree = "<group>"; };
		3B9282FA2A31E0B700C9CBDC /* CharacterRepositoryImplementation.swift */ = {isa = PBXFileReference; lastKnownFileType = sourcecode.swift; path = CharacterRepositoryImplementation.swift; sourceTree = "<group>"; };
		3B9282FC2A31E0D000C9CBDC /* CharacterRemoteDataSource.swift */ = {isa = PBXFileReference; lastKnownFileType = sourcecode.swift; path = CharacterRemoteDataSource.swift; sourceTree = "<group>"; };
		3B9283002A31E1DB00C9CBDC /* Constants.swift */ = {isa = PBXFileReference; lastKnownFileType = sourcecode.swift; path = Constants.swift; sourceTree = "<group>"; };
		3B9283022A31E1F700C9CBDC /* ServerBaseArrayResponse.swift */ = {isa = PBXFileReference; lastKnownFileType = sourcecode.swift; path = ServerBaseArrayResponse.swift; sourceTree = "<group>"; };
		3B9283042A31E21700C9CBDC /* ServerCharacterResponse.swift */ = {isa = PBXFileReference; lastKnownFileType = sourcecode.swift; path = ServerCharacterResponse.swift; sourceTree = "<group>"; };
		3B9283062A31E23200C9CBDC /* ServerOriginResponse.swift */ = {isa = PBXFileReference; lastKnownFileType = sourcecode.swift; path = ServerOriginResponse.swift; sourceTree = "<group>"; };
		3B9283082A31E25900C9CBDC /* ServerLocationResponse.swift */ = {isa = PBXFileReference; lastKnownFileType = sourcecode.swift; path = ServerLocationResponse.swift; sourceTree = "<group>"; };
		3B92830A2A31E27600C9CBDC /* String+Extension.swift */ = {isa = PBXFileReference; lastKnownFileType = sourcecode.swift; path = "String+Extension.swift"; sourceTree = "<group>"; };
		3B92830C2A31E29000C9CBDC /* CharacterCellView.swift */ = {isa = PBXFileReference; lastKnownFileType = sourcecode.swift; path = CharacterCellView.swift; sourceTree = "<group>"; };
/* End PBXFileReference section */

/* Begin PBXFrameworksBuildPhase section */
		3B9282AC2A31D95300C9CBDC /* Frameworks */ = {
			isa = PBXFrameworksBuildPhase;
			buildActionMask = 2147483647;
			files = (
			);
			runOnlyForDeploymentPostprocessing = 0;
		};
		3B9282BC2A31D95400C9CBDC /* Frameworks */ = {
			isa = PBXFrameworksBuildPhase;
			buildActionMask = 2147483647;
			files = (
			);
			runOnlyForDeploymentPostprocessing = 0;
		};
		3B9282C62A31D95400C9CBDC /* Frameworks */ = {
			isa = PBXFrameworksBuildPhase;
			buildActionMask = 2147483647;
			files = (
			);
			runOnlyForDeploymentPostprocessing = 0;
		};
/* End PBXFrameworksBuildPhase section */

/* Begin PBXGroup section */
		3B9282A62A31D95300C9CBDC = {
			isa = PBXGroup;
			children = (
				3B9282B12A31D95300C9CBDC /* Rick&Morty */,
				3B9282C22A31D95400C9CBDC /* Rick&MortyTests */,
				3B9282CC2A31D95400C9CBDC /* Rick&MortyUITests */,
				3B9282B02A31D95300C9CBDC /* Products */,
			);
			sourceTree = "<group>";
		};
		3B9282B02A31D95300C9CBDC /* Products */ = {
			isa = PBXGroup;
			children = (
				3B9282AF2A31D95300C9CBDC /* Rick&Morty.app */,
				3B9282BF2A31D95400C9CBDC /* Rick&MortyTests.xctest */,
				3B9282C92A31D95400C9CBDC /* Rick&MortyUITests.xctest */,
			);
			name = Products;
			sourceTree = "<group>";
		};
		3B9282B12A31D95300C9CBDC /* Rick&Morty */ = {
			isa = PBXGroup;
			children = (
				3B9282B22A31D95300C9CBDC /* Rick_MortyApp.swift */,
				3B9283082A31E25900C9CBDC /* ServerLocationResponse.swift */,
				3B9282DC2A31D98000C9CBDC /* ApiManager.swift */,
				3B9283062A31E23200C9CBDC /* ServerOriginResponse.swift */,
				3B9282E02A31D9DC00C9CBDC /* HTTPError.swift */,
				3B9283002A31E1DB00C9CBDC /* Constants.swift */,
				3B9283042A31E21700C9CBDC /* ServerCharacterResponse.swift */,
				3B92830C2A31E29000C9CBDC /* CharacterCellView.swift */,
				3B9282F22A31E01800C9CBDC /* CharacterDetailItemView.swift */,
				3B9282E22A31D9EE00C9CBDC /* Character.swift */,
				3B9282F82A31E08E00C9CBDC /* CharacterRepository.swift */,
				3B9283022A31E1F700C9CBDC /* ServerBaseArrayResponse.swift */,
				3B6F61C62A31E955003904A8 /* URLImage.swift */,
				3B9282F62A31E07400C9CBDC /* GetCharacterDetailUseCase.swift */,
				3B9282EE2A31DFC600C9CBDC /* CharacterDetailViewModel.swift */,
				3B9282E62A31DD4E00C9CBDC /* CharacterListView.swift */,
				3B9282F02A31DFE000C9CBDC /* CharacterDetailView.swift */,
				3B6F61C02A31E503003904A8 /* GetAllCharacterUseCase.swift */,
				3B9282FC2A31E0D000C9CBDC /* CharacterRemoteDataSource.swift */,
				3B9282EA2A31DF6000C9CBDC /* ProgressViewExample.swift */,
				3B92830A2A31E27600C9CBDC /* String+Extension.swift */,
				3B9282FA2A31E0B700C9CBDC /* CharacterRepositoryImplementation.swift */,
				3B9282EC2A31DF8A00C9CBDC /* ListHeaderView.swift */,
				3B9282E82A31DD9D00C9CBDC /* CharacterListViewModel.swift */,
				3B6F61C22A31E518003904A8 /* ImageExtension.swift */,
				3B9282B42A31D95300C9CBDC /* ContentView.swift */,
				3B9282B62A31D95400C9CBDC /* Assets.xcassets */,
				3B9282B82A31D95400C9CBDC /* Preview Content */,
			);
			path = "Rick&Morty";
			sourceTree = "<group>";
		};
		3B9282B82A31D95400C9CBDC /* Preview Content */ = {
			isa = PBXGroup;
			children = (
				3B9282B92A31D95400C9CBDC /* Preview Assets.xcassets */,
			);
			path = "Preview Content";
			sourceTree = "<group>";
		};
		3B9282C22A31D95400C9CBDC /* Rick&MortyTests */ = {
			isa = PBXGroup;
			children = (
				3B9282C32A31D95400C9CBDC /* Rick_MortyTests.swift */,
			);
			path = "Rick&MortyTests";
			sourceTree = "<group>";
		};
		3B9282CC2A31D95400C9CBDC /* Rick&MortyUITests */ = {
			isa = PBXGroup;
			children = (
				3B9282CD2A31D95400C9CBDC /* Rick_MortyUITests.swift */,
				3B9282CF2A31D95400C9CBDC /* Rick_MortyUITestsLaunchTests.swift */,
			);
			path = "Rick&MortyUITests";
			sourceTree = "<group>";
		};
/* End PBXGroup section */

/* Begin PBXNativeTarget section */
		3B9282AE2A31D95300C9CBDC /* Rick&Morty */ = {
			isa = PBXNativeTarget;
			buildConfigurationList = 3B9282D32A31D95400C9CBDC /* Build configuration list for PBXNativeTarget "Rick&Morty" */;
			buildPhases = (
				3B9282AB2A31D95300C9CBDC /* Sources */,
				3B9282AC2A31D95300C9CBDC /* Frameworks */,
				3B9282AD2A31D95300C9CBDC /* Resources */,
			);
			buildRules = (
			);
			dependencies = (
			);
			name = "Rick&Morty";
			productName = "Rick&Morty";
			productReference = 3B9282AF2A31D95300C9CBDC /* Rick&Morty.app */;
			productType = "com.apple.product-type.application";
		};
		3B9282BE2A31D95400C9CBDC /* Rick&MortyTests */ = {
			isa = PBXNativeTarget;
			buildConfigurationList = 3B9282D62A31D95400C9CBDC /* Build configuration list for PBXNativeTarget "Rick&MortyTests" */;
			buildPhases = (
				3B9282BB2A31D95400C9CBDC /* Sources */,
				3B9282BC2A31D95400C9CBDC /* Frameworks */,
				3B9282BD2A31D95400C9CBDC /* Resources */,
			);
			buildRules = (
			);
			dependencies = (
				3B9282C12A31D95400C9CBDC /* PBXTargetDependency */,
			);
			name = "Rick&MortyTests";
			productName = "Rick&MortyTests";
			productReference = 3B9282BF2A31D95400C9CBDC /* Rick&MortyTests.xctest */;
			productType = "com.apple.product-type.bundle.unit-test";
		};
		3B9282C82A31D95400C9CBDC /* Rick&MortyUITests */ = {
			isa = PBXNativeTarget;
			buildConfigurationList = 3B9282D92A31D95400C9CBDC /* Build configuration list for PBXNativeTarget "Rick&MortyUITests" */;
			buildPhases = (
				3B9282C52A31D95400C9CBDC /* Sources */,
				3B9282C62A31D95400C9CBDC /* Frameworks */,
				3B9282C72A31D95400C9CBDC /* Resources */,
			);
			buildRules = (
			);
			dependencies = (
				3B9282CB2A31D95400C9CBDC /* PBXTargetDependency */,
			);
			name = "Rick&MortyUITests";
			productName = "Rick&MortyUITests";
			productReference = 3B9282C92A31D95400C9CBDC /* Rick&MortyUITests.xctest */;
			productType = "com.apple.product-type.bundle.ui-testing";
		};
/* End PBXNativeTarget section */

/* Begin PBXProject section */
		3B9282A72A31D95300C9CBDC /* Project object */ = {
			isa = PBXProject;
			attributes = {
				BuildIndependentTargetsInParallel = 1;
				LastSwiftUpdateCheck = 1420;
				LastUpgradeCheck = 1420;
				TargetAttributes = {
					3B9282AE2A31D95300C9CBDC = {
						CreatedOnToolsVersion = 14.2;
					};
					3B9282BE2A31D95400C9CBDC = {
						CreatedOnToolsVersion = 14.2;
						TestTargetID = 3B9282AE2A31D95300C9CBDC;
					};
					3B9282C82A31D95400C9CBDC = {
						CreatedOnToolsVersion = 14.2;
						TestTargetID = 3B9282AE2A31D95300C9CBDC;
					};
				};
			};
			buildConfigurationList = 3B9282AA2A31D95300C9CBDC /* Build configuration list for PBXProject "Rick&Morty" */;
			compatibilityVersion = "Xcode 14.0";
			developmentRegion = en;
			hasScannedForEncodings = 0;
			knownRegions = (
				en,
				Base,
			);
			mainGroup = 3B9282A62A31D95300C9CBDC;
			productRefGroup = 3B9282B02A31D95300C9CBDC /* Products */;
			projectDirPath = "";
			projectRoot = "";
			targets = (
				3B9282AE2A31D95300C9CBDC /* Rick&Morty */,
				3B9282BE2A31D95400C9CBDC /* Rick&MortyTests */,
				3B9282C82A31D95400C9CBDC /* Rick&MortyUITests */,
			);
		};
/* End PBXProject section */

/* Begin PBXResourcesBuildPhase section */
		3B9282AD2A31D95300C9CBDC /* Resources */ = {
			isa = PBXResourcesBuildPhase;
			buildActionMask = 2147483647;
			files = (
				3B9282BA2A31D95400C9CBDC /* Preview Assets.xcassets in Resources */,
				3B9282B72A31D95400C9CBDC /* Assets.xcassets in Resources */,
			);
			runOnlyForDeploymentPostprocessing = 0;
		};
		3B9282BD2A31D95400C9CBDC /* Resources */ = {
			isa = PBXResourcesBuildPhase;
			buildActionMask = 2147483647;
			files = (
			);
			runOnlyForDeploymentPostprocessing = 0;
		};
		3B9282C72A31D95400C9CBDC /* Resources */ = {
			isa = PBXResourcesBuildPhase;
			buildActionMask = 2147483647;
			files = (
			);
			runOnlyForDeploymentPostprocessing = 0;
		};
/* End PBXResourcesBuildPhase section */

/* Begin PBXSourcesBuildPhase section */
		3B9282AB2A31D95300C9CBDC /* Sources */ = {
			isa = PBXSourcesBuildPhase;
			buildActionMask = 2147483647;
			files = (
				3B9283032A31E1F700C9CBDC /* ServerBaseArrayResponse.swift in Sources */,
				3B9282EB2A31DF6000C9CBDC /* ProgressViewExample.swift in Sources */,
				3B9283012A31E1DB00C9CBDC /* Constants.swift in Sources */,
				3B92830D2A31E29000C9CBDC /* CharacterCellView.swift in Sources */,
				3B9282F12A31DFE000C9CBDC /* CharacterDetailView.swift in Sources */,
				3B6F61C72A31E955003904A8 /* URLImage.swift in Sources */,
				3B9282F32A31E01800C9CBDC /* CharacterDetailItemView.swift in Sources */,
				3B9282E72A31DD4E00C9CBDC /* CharacterListView.swift in Sources */,
				3B9282ED2A31DF8A00C9CBDC /* ListHeaderView.swift in Sources */,
				3B9282FB2A31E0B700C9CBDC /* CharacterRepositoryImplementation.swift in Sources */,
				3B9282E12A31D9DC00C9CBDC /* HTTPError.swift in Sources */,
				3B9282B52A31D95300C9CBDC /* ContentView.swift in Sources */,
				3B9282FD2A31E0D000C9CBDC /* CharacterRemoteDataSource.swift in Sources */,
				3B9282E92A31DD9D00C9CBDC /* CharacterListViewModel.swift in Sources */,
				3B6F61C32A31E518003904A8 /* ImageExtension.swift in Sources */,
				3B9282E32A31D9EE00C9CBDC /* Character.swift in Sources */,
				3B9282EF2A31DFC600C9CBDC /* CharacterDetailViewModel.swift in Sources */,
				3B9283052A31E21700C9CBDC /* ServerCharacterResponse.swift in Sources */,
				3B92830B2A31E27600C9CBDC /* String+Extension.swift in Sources */,
				3B9282F72A31E07400C9CBDC /* GetCharacterDetailUseCase.swift in Sources */,
				3B9282DD2A31D98000C9CBDC /* ApiManager.swift in Sources */,
				3B9282B32A31D95300C9CBDC /* Rick_MortyApp.swift in Sources */,
				3B9283092A31E25900C9CBDC /* ServerLocationResponse.swift in Sources */,
				3B9282F92A31E08E00C9CBDC /* CharacterRepository.swift in Sources */,
				3B9283072A31E23200C9CBDC /* ServerOriginResponse.swift in Sources */,
				3B6F61C12A31E503003904A8 /* GetAllCharacterUseCase.swift in Sources */,
			);
			runOnlyForDeploymentPostprocessing = 0;
		};
		3B9282BB2A31D95400C9CBDC /* Sources */ = {
			isa = PBXSourcesBuildPhase;
			buildActionMask = 2147483647;
			files = (
				3B9282C42A31D95400C9CBDC /* Rick_MortyTests.swift in Sources */,
			);
			runOnlyForDeploymentPostprocessing = 0;
		};
		3B9282C52A31D95400C9CBDC /* Sources */ = {
			isa = PBXSourcesBuildPhase;
			buildActionMask = 2147483647;
			files = (
				3B9282CE2A31D95400C9CBDC /* Rick_MortyUITests.swift in Sources */,
				3B9282D02A31D95400C9CBDC /* Rick_MortyUITestsLaunchTests.swift in Sources */,
			);
			runOnlyForDeploymentPostprocessing = 0;
		};
/* End PBXSourcesBuildPhase section */

/* Begin PBXTargetDependency section */
		3B9282C12A31D95400C9CBDC /* PBXTargetDependency */ = {
			isa = PBXTargetDependency;
			target = 3B9282AE2A31D95300C9CBDC /* Rick&Morty */;
			targetProxy = 3B9282C02A31D95400C9CBDC /* PBXContainerItemProxy */;
		};
		3B9282CB2A31D95400C9CBDC /* PBXTargetDependency */ = {
			isa = PBXTargetDependency;
			target = 3B9282AE2A31D95300C9CBDC /* Rick&Morty */;
			targetProxy = 3B9282CA2A31D95400C9CBDC /* PBXContainerItemProxy */;
		};
/* End PBXTargetDependency section */

/* Begin XCBuildConfiguration section */
		3B9282D12A31D95400C9CBDC /* Debug */ = {
			isa = XCBuildConfiguration;
			buildSettings = {
				ALWAYS_SEARCH_USER_PATHS = NO;
				CLANG_ANALYZER_NONNULL = YES;
				CLANG_ANALYZER_NUMBER_OBJECT_CONVERSION = YES_AGGRESSIVE;
				CLANG_CXX_LANGUAGE_STANDARD = "gnu++20";
				CLANG_ENABLE_MODULES = YES;
				CLANG_ENABLE_OBJC_ARC = YES;
				CLANG_ENABLE_OBJC_WEAK = YES;
				CLANG_WARN_BLOCK_CAPTURE_AUTORELEASING = YES;
				CLANG_WARN_BOOL_CONVERSION = YES;
				CLANG_WARN_COMMA = YES;
				CLANG_WARN_CONSTANT_CONVERSION = YES;
				CLANG_WARN_DEPRECATED_OBJC_IMPLEMENTATIONS = YES;
				CLANG_WARN_DIRECT_OBJC_ISA_USAGE = YES_ERROR;
				CLANG_WARN_DOCUMENTATION_COMMENTS = YES;
				CLANG_WARN_EMPTY_BODY = YES;
				CLANG_WARN_ENUM_CONVERSION = YES;
				CLANG_WARN_INFINITE_RECURSION = YES;
				CLANG_WARN_INT_CONVERSION = YES;
				CLANG_WARN_NON_LITERAL_NULL_CONVERSION = YES;
				CLANG_WARN_OBJC_IMPLICIT_RETAIN_SELF = YES;
				CLANG_WARN_OBJC_LITERAL_CONVERSION = YES;
				CLANG_WARN_OBJC_ROOT_CLASS = YES_ERROR;
				CLANG_WARN_QUOTED_INCLUDE_IN_FRAMEWORK_HEADER = YES;
				CLANG_WARN_RANGE_LOOP_ANALYSIS = YES;
				CLANG_WARN_STRICT_PROTOTYPES = YES;
				CLANG_WARN_SUSPICIOUS_MOVE = YES;
				CLANG_WARN_UNGUARDED_AVAILABILITY = YES_AGGRESSIVE;
				CLANG_WARN_UNREACHABLE_CODE = YES;
				CLANG_WARN__DUPLICATE_METHOD_MATCH = YES;
				COPY_PHASE_STRIP = NO;
				DEBUG_INFORMATION_FORMAT = dwarf;
				ENABLE_STRICT_OBJC_MSGSEND = YES;
				ENABLE_TESTABILITY = YES;
				GCC_C_LANGUAGE_STANDARD = gnu11;
				GCC_DYNAMIC_NO_PIC = NO;
				GCC_NO_COMMON_BLOCKS = YES;
				GCC_OPTIMIZATION_LEVEL = 0;
				GCC_PREPROCESSOR_DEFINITIONS = (
					"DEBUG=1",
					"$(inherited)",
				);
				GCC_WARN_64_TO_32_BIT_CONVERSION = YES;
				GCC_WARN_ABOUT_RETURN_TYPE = YES_ERROR;
				GCC_WARN_UNDECLARED_SELECTOR = YES;
				GCC_WARN_UNINITIALIZED_AUTOS = YES_AGGRESSIVE;
				GCC_WARN_UNUSED_FUNCTION = YES;
				GCC_WARN_UNUSED_VARIABLE = YES;
				IPHONEOS_DEPLOYMENT_TARGET = 16.2;
				MTL_ENABLE_DEBUG_INFO = INCLUDE_SOURCE;
				MTL_FAST_MATH = YES;
				ONLY_ACTIVE_ARCH = YES;
				SDKROOT = iphoneos;
				SWIFT_ACTIVE_COMPILATION_CONDITIONS = DEBUG;
				SWIFT_OPTIMIZATION_LEVEL = "-Onone";
			};
			name = Debug;
		};
		3B9282D22A31D95400C9CBDC /* Release */ = {
			isa = XCBuildConfiguration;
			buildSettings = {
				ALWAYS_SEARCH_USER_PATHS = NO;
				CLANG_ANALYZER_NONNULL = YES;
				CLANG_ANALYZER_NUMBER_OBJECT_CONVERSION = YES_AGGRESSIVE;
				CLANG_CXX_LANGUAGE_STANDARD = "gnu++20";
				CLANG_ENABLE_MODULES = YES;
				CLANG_ENABLE_OBJC_ARC = YES;
				CLANG_ENABLE_OBJC_WEAK = YES;
				CLANG_WARN_BLOCK_CAPTURE_AUTORELEASING = YES;
				CLANG_WARN_BOOL_CONVERSION = YES;
				CLANG_WARN_COMMA = YES;
				CLANG_WARN_CONSTANT_CONVERSION = YES;
				CLANG_WARN_DEPRECATED_OBJC_IMPLEMENTATIONS = YES;
				CLANG_WARN_DIRECT_OBJC_ISA_USAGE = YES_ERROR;
				CLANG_WARN_DOCUMENTATION_COMMENTS = YES;
				CLANG_WARN_EMPTY_BODY = YES;
				CLANG_WARN_ENUM_CONVERSION = YES;
				CLANG_WARN_INFINITE_RECURSION = YES;
				CLANG_WARN_INT_CONVERSION = YES;
				CLANG_WARN_NON_LITERAL_NULL_CONVERSION = YES;
				CLANG_WARN_OBJC_IMPLICIT_RETAIN_SELF = YES;
				CLANG_WARN_OBJC_LITERAL_CONVERSION = YES;
				CLANG_WARN_OBJC_ROOT_CLASS = YES_ERROR;
				CLANG_WARN_QUOTED_INCLUDE_IN_FRAMEWORK_HEADER = YES;
				CLANG_WARN_RANGE_LOOP_ANALYSIS = YES;
				CLANG_WARN_STRICT_PROTOTYPES = YES;
				CLANG_WARN_SUSPICIOUS_MOVE = YES;
				CLANG_WARN_UNGUARDED_AVAILABILITY = YES_AGGRESSIVE;
				CLANG_WARN_UNREACHABLE_CODE = YES;
				CLANG_WARN__DUPLICATE_METHOD_MATCH = YES;
				COPY_PHASE_STRIP = NO;
				DEBUG_INFORMATION_FORMAT = "dwarf-with-dsym";
				ENABLE_NS_ASSERTIONS = NO;
				ENABLE_STRICT_OBJC_MSGSEND = YES;
				GCC_C_LANGUAGE_STANDARD = gnu11;
				GCC_NO_COMMON_BLOCKS = YES;
				GCC_WARN_64_TO_32_BIT_CONVERSION = YES;
				GCC_WARN_ABOUT_RETURN_TYPE = YES_ERROR;
				GCC_WARN_UNDECLARED_SELECTOR = YES;
				GCC_WARN_UNINITIALIZED_AUTOS = YES_AGGRESSIVE;
				GCC_WARN_UNUSED_FUNCTION = YES;
				GCC_WARN_UNUSED_VARIABLE = YES;
				IPHONEOS_DEPLOYMENT_TARGET = 16.2;
				MTL_ENABLE_DEBUG_INFO = NO;
				MTL_FAST_MATH = YES;
				SDKROOT = iphoneos;
				SWIFT_COMPILATION_MODE = wholemodule;
				SWIFT_OPTIMIZATION_LEVEL = "-O";
				VALIDATE_PRODUCT = YES;
			};
			name = Release;
		};
		3B9282D42A31D95400C9CBDC /* Debug */ = {
			isa = XCBuildConfiguration;
			buildSettings = {
				ASSETCATALOG_COMPILER_APPICON_NAME = AppIcon;
				ASSETCATALOG_COMPILER_GLOBAL_ACCENT_COLOR_NAME = AccentColor;
				CODE_SIGN_STYLE = Automatic;
				CURRENT_PROJECT_VERSION = 1;
				DEVELOPMENT_ASSET_PATHS = "\"Rick&Morty/Preview Content\"";
				DEVELOPMENT_TEAM = NUANG5WKCH;
				ENABLE_PREVIEWS = YES;
				GENERATE_INFOPLIST_FILE = YES;
				INFOPLIST_KEY_UIApplicationSceneManifest_Generation = YES;
				INFOPLIST_KEY_UIApplicationSupportsIndirectInputEvents = YES;
				INFOPLIST_KEY_UILaunchScreen_Generation = YES;
				INFOPLIST_KEY_UISupportedInterfaceOrientations_iPad = "UIInterfaceOrientationPortrait UIInterfaceOrientationPortraitUpsideDown UIInterfaceOrientationLandscapeLeft UIInterfaceOrientationLandscapeRight";
				INFOPLIST_KEY_UISupportedInterfaceOrientations_iPhone = "UIInterfaceOrientationPortrait UIInterfaceOrientationLandscapeLeft UIInterfaceOrientationLandscapeRight";
				IPHONEOS_DEPLOYMENT_TARGET = 16.2;
				LD_RUNPATH_SEARCH_PATHS = (
					"$(inherited)",
					"@executable_path/Frameworks",
				);
				MARKETING_VERSION = 1.0;
				PRODUCT_BUNDLE_IDENTIFIER = "ErenErtenCompany.Rick-Morty";
				PRODUCT_NAME = "$(TARGET_NAME)";
				SWIFT_EMIT_LOC_STRINGS = YES;
				SWIFT_VERSION = 5.0;
				TARGETED_DEVICE_FAMILY = "1,2";
			};
			name = Debug;
		};
		3B9282D52A31D95400C9CBDC /* Release */ = {
			isa = XCBuildConfiguration;
			buildSettings = {
				ASSETCATALOG_COMPILER_APPICON_NAME = AppIcon;
				ASSETCATALOG_COMPILER_GLOBAL_ACCENT_COLOR_NAME = AccentColor;
				CODE_SIGN_STYLE = Automatic;
				CURRENT_PROJECT_VERSION = 1;
				DEVELOPMENT_ASSET_PATHS = "\"Rick&Morty/Preview Content\"";
				DEVELOPMENT_TEAM = NUANG5WKCH;
				ENABLE_PREVIEWS = YES;
				GENERATE_INFOPLIST_FILE = YES;
				INFOPLIST_KEY_UIApplicationSceneManifest_Generation = YES;
				INFOPLIST_KEY_UIApplicationSupportsIndirectInputEvents = YES;
				INFOPLIST_KEY_UILaunchScreen_Generation = YES;
				INFOPLIST_KEY_UISupportedInterfaceOrientations_iPad = "UIInterfaceOrientationPortrait UIInterfaceOrientationPortraitUpsideDown UIInterfaceOrientationLandscapeLeft UIInterfaceOrientationLandscapeRight";
				INFOPLIST_KEY_UISupportedInterfaceOrientations_iPhone = "UIInterfaceOrientationPortrait UIInterfaceOrientationLandscapeLeft UIInterfaceOrientationLandscapeRight";
				IPHONEOS_DEPLOYMENT_TARGET = 16.2;
				LD_RUNPATH_SEARCH_PATHS = (
					"$(inherited)",
					"@executable_path/Frameworks",
				);
				MARKETING_VERSION = 1.0;
				PRODUCT_BUNDLE_IDENTIFIER = "ErenErtenCompany.Rick-Morty";
				PRODUCT_NAME = "$(TARGET_NAME)";
				SWIFT_EMIT_LOC_STRINGS = YES;
				SWIFT_VERSION = 5.0;
				TARGETED_DEVICE_FAMILY = "1,2";
			};
			name = Release;
		};
		3B9282D72A31D95400C9CBDC /* Debug */ = {
			isa = XCBuildConfiguration;
			buildSettings = {
				ALWAYS_EMBED_SWIFT_STANDARD_LIBRARIES = YES;
				BUNDLE_LOADER = "$(TEST_HOST)";
				CODE_SIGN_STYLE = Automatic;
				CURRENT_PROJECT_VERSION = 1;
				DEVELOPMENT_TEAM = NUANG5WKCH;
				GENERATE_INFOPLIST_FILE = YES;
				IPHONEOS_DEPLOYMENT_TARGET = 16.2;
				MARKETING_VERSION = 1.0;
				PRODUCT_BUNDLE_IDENTIFIER = "ErenErtenCompany.Rick-MortyTests";
				PRODUCT_NAME = "$(TARGET_NAME)";
				SWIFT_EMIT_LOC_STRINGS = NO;
				SWIFT_VERSION = 5.0;
				TARGETED_DEVICE_FAMILY = "1,2";
				TEST_HOST = "$(BUILT_PRODUCTS_DIR)/Rick&Morty.app/$(BUNDLE_EXECUTABLE_FOLDER_PATH)/Rick&Morty";
			};
			name = Debug;
		};
		3B9282D82A31D95400C9CBDC /* Release */ = {
			isa = XCBuildConfiguration;
			buildSettings = {
				ALWAYS_EMBED_SWIFT_STANDARD_LIBRARIES = YES;
				BUNDLE_LOADER = "$(TEST_HOST)";
				CODE_SIGN_STYLE = Automatic;
				CURRENT_PROJECT_VERSION = 1;
				DEVELOPMENT_TEAM = NUANG5WKCH;
				GENERATE_INFOPLIST_FILE = YES;
				IPHONEOS_DEPLOYMENT_TARGET = 16.2;
				MARKETING_VERSION = 1.0;
				PRODUCT_BUNDLE_IDENTIFIER = "ErenErtenCompany.Rick-MortyTests";
				PRODUCT_NAME = "$(TARGET_NAME)";
				SWIFT_EMIT_LOC_STRINGS = NO;
				SWIFT_VERSION = 5.0;
				TARGETED_DEVICE_FAMILY = "1,2";
				TEST_HOST = "$(BUILT_PRODUCTS_DIR)/Rick&Morty.app/$(BUNDLE_EXECUTABLE_FOLDER_PATH)/Rick&Morty";
			};
			name = Release;
		};
		3B9282DA2A31D95400C9CBDC /* Debug */ = {
			isa = XCBuildConfiguration;
			buildSettings = {
				ALWAYS_EMBED_SWIFT_STANDARD_LIBRARIES = YES;
				CODE_SIGN_STYLE = Automatic;
				CURRENT_PROJECT_VERSION = 1;
				DEVELOPMENT_TEAM = NUANG5WKCH;
				GENERATE_INFOPLIST_FILE = YES;
				MARKETING_VERSION = 1.0;
				PRODUCT_BUNDLE_IDENTIFIER = "ErenErtenCompany.Rick-MortyUITests";
				PRODUCT_NAME = "$(TARGET_NAME)";
				SWIFT_EMIT_LOC_STRINGS = NO;
				SWIFT_VERSION = 5.0;
				TARGETED_DEVICE_FAMILY = "1,2";
				TEST_TARGET_NAME = "Rick&Morty";
			};
			name = Debug;
		};
		3B9282DB2A31D95400C9CBDC /* Release */ = {
			isa = XCBuildConfiguration;
			buildSettings = {
				ALWAYS_EMBED_SWIFT_STANDARD_LIBRARIES = YES;
				CODE_SIGN_STYLE = Automatic;
				CURRENT_PROJECT_VERSION = 1;
				DEVELOPMENT_TEAM = NUANG5WKCH;
				GENERATE_INFOPLIST_FILE = YES;
				MARKETING_VERSION = 1.0;
				PRODUCT_BUNDLE_IDENTIFIER = "ErenErtenCompany.Rick-MortyUITests";
				PRODUCT_NAME = "$(TARGET_NAME)";
				SWIFT_EMIT_LOC_STRINGS = NO;
				SWIFT_VERSION = 5.0;
				TARGETED_DEVICE_FAMILY = "1,2";
				TEST_TARGET_NAME = "Rick&Morty";
			};
			name = Release;
		};
/* End XCBuildConfiguration section */

/* Begin XCConfigurationList section */
		3B9282AA2A31D95300C9CBDC /* Build configuration list for PBXProject "Rick&Morty" */ = {
			isa = XCConfigurationList;
			buildConfigurations = (
				3B9282D12A31D95400C9CBDC /* Debug */,
				3B9282D22A31D95400C9CBDC /* Release */,
			);
			defaultConfigurationIsVisible = 0;
			defaultConfigurationName = Release;
		};
		3B9282D32A31D95400C9CBDC /* Build configuration list for PBXNativeTarget "Rick&Morty" */ = {
			isa = XCConfigurationList;
			buildConfigurations = (
				3B9282D42A31D95400C9CBDC /* Debug */,
				3B9282D52A31D95400C9CBDC /* Release */,
			);
			defaultConfigurationIsVisible = 0;
			defaultConfigurationName = Release;
		};
		3B9282D62A31D95400C9CBDC /* Build configuration list for PBXNativeTarget "Rick&MortyTests" */ = {
			isa = XCConfigurationList;
			buildConfigurations = (
				3B9282D72A31D95400C9CBDC /* Debug */,
				3B9282D82A31D95400C9CBDC /* Release */,
			);
			defaultConfigurationIsVisible = 0;
			defaultConfigurationName = Release;
		};
		3B9282D92A31D95400C9CBDC /* Build configuration list for PBXNativeTarget "Rick&MortyUITests" */ = {
			isa = XCConfigurationList;
			buildConfigurations = (
				3B9282DA2A31D95400C9CBDC /* Debug */,
				3B9282DB2A31D95400C9CBDC /* Release */,
			);
			defaultConfigurationIsVisible = 0;
			defaultConfigurationName = Release;
		};
/* End XCConfigurationList section */
	};
	rootObject = 3B9282A72A31D95300C9CBDC /* Project object */;
}
